
Microsoft Visual Studio Solution File, Format Version 12.00
# Visual Studio 15
VisualStudioVersion = 15.0.27130.2036
MinimumVisualStudioVersion = 10.0.40219.1
Project("{FAE04EC0-301F-11D3-BF4B-00C04F79EFBC}") = "Opportunity.ResourceGenerator", "Opportunity.ResourceGenerator\Opportunity.ResourceGenerator.csproj", "{1825DBC2-17BE-49C5-8314-AB3E3805C340}"
EndProject
Project("{FAE04EC0-301F-11D3-BF4B-00C04F79EFBC}") = "Opportunity.ResourceGenerator.Generator", "Opportunity.ResourceGenerator.Generator\Opportunity.ResourceGenerator.Generator.csproj", "{527D9DD7-978B-4559-9F1D-6F6E760E6D21}"
EndProject
Project("{FAE04EC0-301F-11D3-BF4B-00C04F79EFBC}") = "Opportunity.ResourceGenerator.TestApp", "Opportunity.ResourceGenerator.TestApp\Opportunity.ResourceGenerator.TestApp.csproj", "{319EDE72-0C56-4CBB-8CB3-B4E1D30FB962}"
EndProject
Project("{2150E333-8FDC-42A3-9474-1A3956D46DE8}") = "Scripts", "Scripts", "{CDD00DF3-EDCC-4BA8-AF8B-01439CAA3DFB}"
	ProjectSection(SolutionItems) = preProject
		Scripts\init.ps1 = Scripts\init.ps1
		Scripts\install.ps1 = Scripts\install.ps1
		Scripts\ResourceGenerator.psd1 = Scripts\ResourceGenerator.psd1
		Scripts\ResourceGenerator.psm1 = Scripts\ResourceGenerator.psm1
	EndProjectSection
EndProject
Project("{2150E333-8FDC-42A3-9474-1A3956D46DE8}") = "Documents", "Documents", "{C9B2487B-106C-4B74-90C8-BB63C57B6407}"
	ProjectSection(SolutionItems) = preProject
		README.md = README.md
		resgenconfig.json = resgenconfig.json
	EndProjectSection
EndProject
Project("{D954291E-2A0B-460D-934E-DC6B0785DB48}") = "Opportunity.ResourceGenerator.Shared", "Opportunity.ResourceGenerator.Shared\Opportunity.ResourceGenerator.Shared.shproj", "{9DF6ECE0-1896-444F-8481-21027D1A36D4}"
EndProject
Project("{F184B08F-C81C-45F6-A57F-5ABD9991F28F}") = "Opportunity.ResourceGenerator.TestApp.VB", "Opportunity.ResourceGenerator.TestApp.VB\Opportunity.ResourceGenerator.TestApp.VB.vbproj", "{41873F02-DD33-4944-8781-2F800BB34002}"
EndProject
Global
	GlobalSection(SharedMSBuildProjectFiles) = preSolution
		Opportunity.ResourceGenerator.Shared\Opportunity.ResourceGenerator.Shared.projitems*{1825dbc2-17be-49c5-8314-ab3e3805c340}*SharedItemsImports = 4
		Opportunity.ResourceGenerator.Shared\Opportunity.ResourceGenerator.Shared.projitems*{527d9dd7-978b-4559-9f1d-6f6e760e6d21}*SharedItemsImports = 4
		Opportunity.ResourceGenerator.Shared\Opportunity.ResourceGenerator.Shared.projitems*{9df6ece0-1896-444f-8481-21027d1a36d4}*SharedItemsImports = 13
	EndGlobalSection
	GlobalSection(SolutionConfigurationPlatforms) = preSolution
		Debug|Any CPU = Debug|Any CPU
		Release|Any CPU = Release|Any CPU
	EndGlobalSection
	GlobalSection(ProjectConfigurationPlatforms) = postSolution
		{1825DBC2-17BE-49C5-8314-AB3E3805C340}.Debug|Any CPU.ActiveCfg = Debug|Any CPU
		{1825DBC2-17BE-49C5-8314-AB3E3805C340}.Debug|Any CPU.Build.0 = Debug|Any CPU
		{1825DBC2-17BE-49C5-8314-AB3E3805C340}.Release|Any CPU.ActiveCfg = Release|Any CPU
		{1825DBC2-17BE-49C5-8314-AB3E3805C340}.Release|Any CPU.Build.0 = Release|Any CPU
		{527D9DD7-978B-4559-9F1D-6F6E760E6D21}.Debug|Any CPU.ActiveCfg = Debug|Any CPU
		{527D9DD7-978B-4559-9F1D-6F6E760E6D21}.Debug|Any CPU.Build.0 = Debug|Any CPU
		{527D9DD7-978B-4559-9F1D-6F6E760E6D21}.Release|Any CPU.ActiveCfg = Release|Any CPU
		{527D9DD7-978B-4559-9F1D-6F6E760E6D21}.Release|Any CPU.Build.0 = Release|Any CPU
		{319EDE72-0C56-4CBB-8CB3-B4E1D30FB962}.Debug|Any CPU.ActiveCfg = Debug|x86
		{319EDE72-0C56-4CBB-8CB3-B4E1D30FB962}.Debug|Any CPU.Build.0 = Debug|x86
		{319EDE72-0C56-4CBB-8CB3-B4E1D30FB962}.Debug|Any CPU.Deploy.0 = Debug|x86
		{319EDE72-0C56-4CBB-8CB3-B4E1D30FB962}.Release|Any CPU.ActiveCfg = Release|x86
		{41873F02-DD33-4944-8781-2F800BB34002}.Debug|Any CPU.ActiveCfg = Debug|x86
		{41873F02-DD33-4944-8781-2F800BB34002}.Debug|Any CPU.Build.0 = Debug|x86
		{41873F02-DD33-4944-8781-2F800BB34002}.Debug|Any CPU.Deploy.0 = Debug|x86
		{41873F02-DD33-4944-8781-2F800BB34002}.Release|Any CPU.ActiveCfg = Release|x86
	EndGlobalSection
	GlobalSection(SolutionProperties) = preSolution
		HideSolutionNode = FALSE
	EndGlobalSection
	GlobalSection(ExtensibilityGlobals) = postSolution
		SolutionGuid = {51C7A74E-FC62-4220-848A-429BC5A0CA44}
	EndGlobalSection
EndGlobal
